
Microsoft Visual Studio Solution File, Format Version 12.00
# Visual Studio Version 17
VisualStudioVersion = 17.0.31903.59
MinimumVisualStudioVersion = 10.0.40219.1
Project("{2150E333-8FDC-42A3-9474-1A3956D46DE8}") = "Apps", "Apps", "{1787FE1D-075E-9E68-7218-25F1BD1BBEAB}"
EndProject
Project("{FAE04EC0-301F-11D3-BF4B-00C04F79EFBC}") = "TestApp", "Apps\TestApp\TestApp.csproj", "{BDFB3255-878E-4086-A341-AF325BC05EED}"
EndProject
Project("{2150E333-8FDC-42A3-9474-1A3956D46DE8}") = "Libraries", "Libraries", "{F2E35B3E-9711-EDEC-6202-DB40BDEED14A}"
EndProject
Project("{FAE04EC0-301F-11D3-BF4B-00C04F79EFBC}") = "Lumi.Sys", "Libraries\Lumi.Sys\Lumi.Sys.csproj", "{BB57EB14-F861-4245-BCE3-6187B98BB598}"
EndProject
Global
	GlobalSection(SolutionConfigurationPlatforms) = preSolution
		Debug|Any CPU = Debug|Any CPU
		Debug|x64 = Debug|x64
		Debug|x86 = Debug|x86
		Release|Any CPU = Release|Any CPU
		Release|x64 = Release|x64
		Release|x86 = Release|x86
	EndGlobalSection
	GlobalSection(ProjectConfigurationPlatforms) = postSolution
		{BDFB3255-878E-4086-A341-AF325BC05EED}.Debug|Any CPU.ActiveCfg = Debug|Any CPU
		{BDFB3255-878E-4086-A341-AF325BC05EED}.Debug|Any CPU.Build.0 = Debug|Any CPU
		{BDFB3255-878E-4086-A341-AF325BC05EED}.Debug|x64.ActiveCfg = Debug|Any CPU
		{BDFB3255-878E-4086-A341-AF325BC05EED}.Debug|x64.Build.0 = Debug|Any CPU
		{BDFB3255-878E-4086-A341-AF325BC05EED}.Debug|x86.ActiveCfg = Debug|Any CPU
		{BDFB3255-878E-4086-A341-AF325BC05EED}.Debug|x86.Build.0 = Debug|Any CPU
		{BDFB3255-878E-4086-A341-AF325BC05EED}.Release|Any CPU.ActiveCfg = Release|Any CPU
		{BDFB3255-878E-4086-A341-AF325BC05EED}.Release|Any CPU.Build.0 = Release|Any CPU
		{BDFB3255-878E-4086-A341-AF325BC05EED}.Release|x64.ActiveCfg = Release|Any CPU
		{BDFB3255-878E-4086-A341-AF325BC05EED}.Release|x64.Build.0 = Release|Any CPU
		{BDFB3255-878E-4086-A341-AF325BC05EED}.Release|x86.ActiveCfg = Release|Any CPU
		{BDFB3255-878E-4086-A341-AF325BC05EED}.Release|x86.Build.0 = Release|Any CPU
		{BB57EB14-F861-4245-BCE3-6187B98BB598}.Debug|Any CPU.ActiveCfg = Debug|Any CPU
		{BB57EB14-F861-4245-BCE3-6187B98BB598}.Debug|Any CPU.Build.0 = Debug|Any CPU
		{BB57EB14-F861-4245-BCE3-6187B98BB598}.Debug|x64.ActiveCfg = Debug|Any CPU
		{BB57EB14-F861-4245-BCE3-6187B98BB598}.Debug|x64.Build.0 = Debug|Any CPU
		{BB57EB14-F861-4245-BCE3-6187B98BB598}.Debug|x86.ActiveCfg = Debug|Any CPU
		{BB57EB14-F861-4245-BCE3-6187B98BB598}.Debug|x86.Build.0 = Debug|Any CPU
		{BB57EB14-F861-4245-BCE3-6187B98BB598}.Release|Any CPU.ActiveCfg = Release|Any CPU
		{BB57EB14-F861-4245-BCE3-6187B98BB598}.Release|Any CPU.Build.0 = Release|Any CPU
		{BB57EB14-F861-4245-BCE3-6187B98BB598}.Release|x64.ActiveCfg = Release|Any CPU
		{BB57EB14-F861-4245-BCE3-6187B98BB598}.Release|x64.Build.0 = Release|Any CPU
		{BB57EB14-F861-4245-BCE3-6187B98BB598}.Release|x86.ActiveCfg = Release|Any CPU
		{BB57EB14-F861-4245-BCE3-6187B98BB598}.Release|x86.Build.0 = Release|Any CPU
	EndGlobalSection
	GlobalSection(SolutionProperties) = preSolution
		HideSolutionNode = FALSE
	EndGlobalSection
	GlobalSection(NestedProjects) = preSolution
		{BDFB3255-878E-4086-A341-AF325BC05EED} = {1787FE1D-075E-9E68-7218-25F1BD1BBEAB}
		{BB57EB14-F861-4245-BCE3-6187B98BB598} = {F2E35B3E-9711-EDEC-6202-DB40BDEED14A}
	EndGlobalSection
EndGlobal
